{
  "lockfile_version": "1",
  "packages": {
    "gh@latest": {
      "last_modified": "2024-11-03T14:18:04Z",
      "resolved": "github:NixOS/nixpkgs/4ae2e647537bcdbb82265469442713d066675275#gh",
      "source": "devbox-search",
      "version": "2.60.0",
      "systems": {
        "aarch64-darwin": {
          "outputs": [
            {
              "name": "out",
              "path": "/nix/store/0kn6w6d8z48blg18w64h3530j00k2j5s-gh-2.60.0",
              "default": true
            }
          ],
          "store_path": "/nix/store/0kn6w6d8z48blg18w64h3530j00k2j5s-gh-2.60.0"
        },
        "aarch64-linux": {
          "outputs": [
            {
              "name": "out",
              "path": "/nix/store/lrd5km4jis81n38vwc3lil5nx7ss6knc-gh-2.60.0",
              "default": true
            }
          ],
          "store_path": "/nix/store/lrd5km4jis81n38vwc3lil5nx7ss6knc-gh-2.60.0"
        },
        "x86_64-darwin": {
          "outputs": [
            {
              "name": "out",
              "path": "/nix/store/pbs3sv5l2z5da6dyj7k1p1lf9a2hyx5k-gh-2.60.0",
              "default": true
            }
          ],
          "store_path": "/nix/store/pbs3sv5l2z5da6dyj7k1p1lf9a2hyx5k-gh-2.60.0"
        },
        "x86_64-linux": {
          "outputs": [
            {
              "name": "out",
              "path": "/nix/store/rvh57nqm6sg081pa84k5lcddn6zkvvnm-gh-2.60.0",
              "default": true
            }
          ],
          "store_path": "/nix/store/rvh57nqm6sg081pa84k5lcddn6zkvvnm-gh-2.60.0"
        }
      }
    },
    "just@latest": {
      "last_modified": "2024-10-13T23:44:06Z",
      "resolved": "github:NixOS/nixpkgs/d4f247e89f6e10120f911e2e2d2254a050d0f732#just",
      "source": "devbox-search",
      "version": "1.36.0",
      "systems": {
        "aarch64-darwin": {
          "outputs": [
            {
              "name": "out",
              "path": "/nix/store/lmm3kkb9v1d62mlrzwnyqiwxb2hdvfdh-just-1.36.0",
              "default": true
            },
            {
              "name": "man",
              "path": "/nix/store/p6jr4v2zwzifn29jm3nvwb5yai32bfca-just-1.36.0-man",
              "default": true
            },
            {
              "name": "doc",
              "path": "/nix/store/gr4nlvz2jjs30g173fnspgmz3yd33k6a-just-1.36.0-doc"
            }
          ],
          "store_path": "/nix/store/lmm3kkb9v1d62mlrzwnyqiwxb2hdvfdh-just-1.36.0"
        },
        "aarch64-linux": {
          "outputs": [
            {
              "name": "out",
              "path": "/nix/store/b7wmjsdpw86d486s5sxpw40fnp527zga-just-1.36.0",
              "default": true
            },
            {
              "name": "man",
              "path": "/nix/store/40q16fi2sxzx13l31s8y8sc1jv57jm3l-just-1.36.0-man",
              "default": true
            },
            {
              "name": "doc",
              "path": "/nix/store/b7wkw55yd0nsnglksr8yamjbmy2d6cgb-just-1.36.0-doc"
            }
          ],
          "store_path": "/nix/store/b7wmjsdpw86d486s5sxpw40fnp527zga-just-1.36.0"
        },
        "x86_64-darwin": {
          "outputs": [
            {
              "name": "out",
              "path": "/nix/store/rv6wg4h6sg7k4xyhsmwky8jjag0fnrx5-just-1.36.0",
              "default": true
            },
            {
              "name": "man",
              "path": "/nix/store/vvzyrp0n1ivg7qny1ylx5r54hn025h3f-just-1.36.0-man",
              "default": true
            },
            {
              "name": "doc",
              "path": "/nix/store/4r7sln3x3z1pfmi5acshgcc5wbd3f04v-just-1.36.0-doc"
            }
          ],
          "store_path": "/nix/store/rv6wg4h6sg7k4xyhsmwky8jjag0fnrx5-just-1.36.0"
        },
        "x86_64-linux": {
          "outputs": [
            {
              "name": "out",
              "path": "/nix/store/phhxwxxhnd4dc14rckxsmym2ikiws97p-just-1.36.0",
              "default": true
            },
            {
              "name": "man",
              "path": "/nix/store/ki2fhzk2pkfz36b17ykg4zmpfrlk1i50-just-1.36.0-man",
              "default": true
            },
            {
              "name": "doc",
              "path": "/nix/store/g3zm7jfzalsyy2y1ginciivi5r8kdslk-just-1.36.0-doc"
            }
          ],
          "store_path": "/nix/store/phhxwxxhnd4dc14rckxsmym2ikiws97p-just-1.36.0"
        }
      }
    },
    "k9s@latest": {
      "last_modified": "2024-11-03T14:18:04Z",
      "resolved": "github:NixOS/nixpkgs/4ae2e647537bcdbb82265469442713d066675275#k9s",
      "source": "devbox-search",
      "version": "0.32.5",
      "systems": {
        "aarch64-darwin": {
          "outputs": [
            {
              "name": "out",
              "path": "/nix/store/nzx0l5995m3x6pyvy6m5haw3akjz20ra-k9s-0.32.5",
              "default": true
            }
          ],
          "store_path": "/nix/store/nzx0l5995m3x6pyvy6m5haw3akjz20ra-k9s-0.32.5"
        },
        "aarch64-linux": {
          "outputs": [
            {
              "name": "out",
              "path": "/nix/store/3wxlh3zdpnk8s1jr6c4lzi2rk82qy3h2-k9s-0.32.5",
              "default": true
            }
          ],
          "store_path": "/nix/store/3wxlh3zdpnk8s1jr6c4lzi2rk82qy3h2-k9s-0.32.5"
        },
        "x86_64-darwin": {
          "outputs": [
            {
              "name": "out",
              "path": "/nix/store/svcg1zvh5vnrk8rlmdb7lb4b0dx2j60m-k9s-0.32.5",
              "default": true
            }
          ],
          "store_path": "/nix/store/svcg1zvh5vnrk8rlmdb7lb4b0dx2j60m-k9s-0.32.5"
        },
        "x86_64-linux": {
          "outputs": [
            {
              "name": "out",
              "path": "/nix/store/0h16i89yjrh2zhfhgzk8p4ik7f4csjmh-k9s-0.32.5",
              "default": true
            }
          ],
          "store_path": "/nix/store/0h16i89yjrh2zhfhgzk8p4ik7f4csjmh-k9s-0.32.5"
        }
      }
    },
    "maven@latest": {
      "last_modified": "2024-11-03T14:18:04Z",
      "resolved": "github:NixOS/nixpkgs/4ae2e647537bcdbb82265469442713d066675275#maven",
      "source": "devbox-search",
      "version": "3.9.9",
      "systems": {
        "aarch64-darwin": {
          "outputs": [
            {
              "name": "out",
              "path": "/nix/store/lj6iccddld7kcmjmyvcmxcn2zszcy2bj-maven-3.9.9",
              "default": true
            }
          ],
          "store_path": "/nix/store/lj6iccddld7kcmjmyvcmxcn2zszcy2bj-maven-3.9.9"
        },
        "aarch64-linux": {
          "outputs": [
            {
              "name": "out",
              "path": "/nix/store/vzjrmwizb3v66w9lgzlakw1j0xq9im6l-maven-3.9.9",
              "default": true
            }
          ],
          "store_path": "/nix/store/vzjrmwizb3v66w9lgzlakw1j0xq9im6l-maven-3.9.9"
        },
        "x86_64-darwin": {
          "outputs": [
            {
              "name": "out",
              "path": "/nix/store/crn59ayj3dv2va2d1l96x0jwyghjf215-maven-3.9.9",
              "default": true
            }
          ],
          "store_path": "/nix/store/crn59ayj3dv2va2d1l96x0jwyghjf215-maven-3.9.9"
        },
        "x86_64-linux": {
          "outputs": [
            {
              "name": "out",
              "path": "/nix/store/nfjjh4r6wnkhiyfjbkf99pmyb6aw2z15-maven-3.9.9",
              "default": true
            }
          ],
          "store_path": "/nix/store/nfjjh4r6wnkhiyfjbkf99pmyb6aw2z15-maven-3.9.9"
        }
      }
    },
    "minikube@latest": {
      "last_modified": "2024-11-03T14:18:04Z",
      "resolved": "github:NixOS/nixpkgs/4ae2e647537bcdbb82265469442713d066675275#minikube",
      "source": "devbox-search",
      "version": "1.34.0",
      "systems": {
        "aarch64-darwin": {
          "outputs": [
            {
              "name": "out",
              "path": "/nix/store/lnhd55a40ac77i7chiycv3yh493z5bxf-minikube-1.34.0",
              "default": true
            }
          ],
          "store_path": "/nix/store/lnhd55a40ac77i7chiycv3yh493z5bxf-minikube-1.34.0"
        },
        "aarch64-linux": {
          "outputs": [
            {
              "name": "out",
              "path": "/nix/store/b0932xcyhqvwxy056p7ra4h60hcxysf8-minikube-1.34.0",
              "default": true
            }
          ],
          "store_path": "/nix/store/b0932xcyhqvwxy056p7ra4h60hcxysf8-minikube-1.34.0"
        },
        "x86_64-darwin": {
          "outputs": [
            {
              "name": "out",
              "path": "/nix/store/wg849zcsawcxx28d0cqkp38k2q3m0r3g-minikube-1.34.0",
              "default": true
            }
          ],
          "store_path": "/nix/store/wg849zcsawcxx28d0cqkp38k2q3m0r3g-minikube-1.34.0"
        },
        "x86_64-linux": {
          "outputs": [
            {
              "name": "out",
              "path": "/nix/store/xi6ywr80ld47bhrak0rjcgxk46aw0c8d-minikube-1.34.0",
              "default": true
            }
          ],
          "store_path": "/nix/store/xi6ywr80ld47bhrak0rjcgxk46aw0c8d-minikube-1.34.0"
        }
      }
    },
    "mysql80@latest": {
      "last_modified": "2024-11-03T14:18:04Z",
      "plugin_version": "0.0.3",
      "resolved": "github:NixOS/nixpkgs/4ae2e647537bcdbb82265469442713d066675275#mysql80",
      "source": "devbox-search",
      "version": "8.0.39",
      "systems": {
        "aarch64-darwin": {
          "outputs": [
            {
              "name": "out",
              "path": "/nix/store/7c6glkkpxn90gdm7i46rm6mf9jb9ag3g-mysql-8.0.39",
              "default": true
            },
            {
              "name": "static",
              "path": "/nix/store/ax8h6ls6jfmag9sqa5yx6xiqyy755p69-mysql-8.0.39-static"
            }
          ],
          "store_path": "/nix/store/7c6glkkpxn90gdm7i46rm6mf9jb9ag3g-mysql-8.0.39"
        },
        "aarch64-linux": {
          "outputs": [
            {
              "name": "out",
              "path": "/nix/store/1dzw6rk49hp38r339ln9mlhf3r5wayc3-mysql-8.0.39",
              "default": true
            },
            {
              "name": "static",
              "path": "/nix/store/qa0bjxwfqhv2lm97l77f3bxbv9r7pzpm-mysql-8.0.39-static"
            }
          ],
          "store_path": "/nix/store/1dzw6rk49hp38r339ln9mlhf3r5wayc3-mysql-8.0.39"
        },
        "x86_64-darwin": {
          "outputs": [
            {
              "name": "out",
              "path": "/nix/store/cvk1jr2326gkdhp9lwavv7b8y0s990l7-mysql-8.0.39",
              "default": true
            },
            {
              "name": "static",
              "path": "/nix/store/vjzdc8zmvxyk1vzndlj00s0bq0x4srmv-mysql-8.0.39-static"
            }
          ],
          "store_path": "/nix/store/cvk1jr2326gkdhp9lwavv7b8y0s990l7-mysql-8.0.39"
        },
        "x86_64-linux": {
          "outputs": [
            {
              "name": "out",
              "path": "/nix/store/6qxayf8x87wk5hadyqm5i5grzb9nglx5-mysql-8.0.39",
              "default": true
            },
            {
              "name": "static",
              "path": "/nix/store/gqidwrwnlxs2j964rfpcd2ccdbmhx7bq-mysql-8.0.39-static"
            }
          ],
          "store_path": "/nix/store/6qxayf8x87wk5hadyqm5i5grzb9nglx5-mysql-8.0.39"
        }
      }
    },
    "nodePackages.webpack-cli@4.9.2": {
      "last_modified": "2022-02-09T15:24:27Z",
      "resolved": "github:NixOS/nixpkgs/98bb5b77c8c6666824a4c13d23befa1e07210ef1#nodePackages.webpack-cli",
      "source": "devbox-search",
      "version": "4.9.2",
      "systems": {
        "aarch64-darwin": {
          "outputs": [
            {
              "name": "out",
              "path": "/nix/store/lgcjvpcv6nxlq3zwf9iig1hrhls05v90-webpack-cli-4.9.2",
              "default": true
            }
          ],
          "store_path": "/nix/store/lgcjvpcv6nxlq3zwf9iig1hrhls05v90-webpack-cli-4.9.2"
        },
        "aarch64-linux": {
          "outputs": [
            {
              "name": "out",
              "path": "/nix/store/f6dfcfwr6df22nlrxy6k9ch9abflv69b-webpack-cli-4.9.2",
              "default": true
            }
          ],
          "store_path": "/nix/store/f6dfcfwr6df22nlrxy6k9ch9abflv69b-webpack-cli-4.9.2"
        },
        "x86_64-darwin": {
          "outputs": [
            {
              "name": "out",
              "path": "/nix/store/84p0fsm4sxkbv32lb44yrs8pnqk7zw19-webpack-cli-4.9.2",
              "default": true
            }
          ],
          "store_path": "/nix/store/84p0fsm4sxkbv32lb44yrs8pnqk7zw19-webpack-cli-4.9.2"
        },
        "x86_64-linux": {
          "outputs": [
            {
              "name": "out",
              "path": "/nix/store/8lsh69hiivq85fjm2r1pglr0zn8gxm2x-webpack-cli-4.9.2",
              "default": true
            }
          ],
          "store_path": "/nix/store/8lsh69hiivq85fjm2r1pglr0zn8gxm2x-webpack-cli-4.9.2"
        }
      }
    },
    "nodePackages.webpack@5.68.0": {
      "last_modified": "2022-02-09T15:24:27Z",
      "resolved": "github:NixOS/nixpkgs/98bb5b77c8c6666824a4c13d23befa1e07210ef1#nodePackages.webpack",
      "source": "devbox-search",
      "version": "5.68.0",
      "systems": {
        "aarch64-darwin": {
          "outputs": [
            {
              "name": "out",
              "path": "/nix/store/d6plhdb8m80dk3az5kgyqvk20xhknp0j-webpack-5.68.0",
              "default": true
            }
          ],
          "store_path": "/nix/store/d6plhdb8m80dk3az5kgyqvk20xhknp0j-webpack-5.68.0"
        },
        "aarch64-linux": {
          "outputs": [
            {
              "name": "out",
              "path": "/nix/store/c8x2rzzyh3vicdpzp9x1jxm1q5prwm1v-webpack-5.68.0",
              "default": true
            }
          ],
          "store_path": "/nix/store/c8x2rzzyh3vicdpzp9x1jxm1q5prwm1v-webpack-5.68.0"
        },
        "x86_64-darwin": {
          "outputs": [
            {
              "name": "out",
              "path": "/nix/store/x4dsjwnhck30dbbgd1c0z2yc0rfyfs08-webpack-5.68.0",
              "default": true
            }
          ],
          "store_path": "/nix/store/x4dsjwnhck30dbbgd1c0z2yc0rfyfs08-webpack-5.68.0"
        },
        "x86_64-linux": {
          "outputs": [
            {
              "name": "out",
              "path": "/nix/store/h1wdxlj6yv6qr38wsfhpl2x5qcac0cfd-webpack-5.68.0",
              "default": true
            }
          ],
          "store_path": "/nix/store/h1wdxlj6yv6qr38wsfhpl2x5qcac0cfd-webpack-5.68.0"
        }
      }
    },
    "nodejs@14.4.0": {
      "last_modified": "2020-06-30T02:44:55Z",
      "plugin_version": "0.0.2",
      "resolved": "github:NixOS/nixpkgs/e912fb83d2155a393e7146da98cda0e455a80fb6#nodejs-14_x",
      "source": "devbox-search",
      "version": "14.4.0"
    },
    "teller@latest": {
      "last_modified": "2024-11-03T14:18:04Z",
      "resolved": "github:NixOS/nixpkgs/4ae2e647537bcdbb82265469442713d066675275#teller",
      "source": "devbox-search",
      "version": "2.0.7",
      "systems": {
        "aarch64-darwin": {
          "outputs": [
            {
              "name": "out",
              "path": "/nix/store/5c8qim5sp3p98j79p662f0m22q8ndksv-teller-2.0.7",
              "default": true
            }
          ],
          "store_path": "/nix/store/5c8qim5sp3p98j79p662f0m22q8ndksv-teller-2.0.7"
        },
        "aarch64-linux": {
          "outputs": [
            {
              "name": "out",
              "path": "/nix/store/n86rd1kk2b4zbxs0z0bm1dama6gallwq-teller-2.0.7",
              "default": true
            }
          ],
          "store_path": "/nix/store/n86rd1kk2b4zbxs0z0bm1dama6gallwq-teller-2.0.7"
        },
        "x86_64-darwin": {
          "outputs": [
            {
              "name": "out",
              "path": "/nix/store/gcxs8vlfmgmi01wfqk61hbx4frpkb1f5-teller-2.0.7",
              "default": true
            }
          ],
          "store_path": "/nix/store/gcxs8vlfmgmi01wfqk61hbx4frpkb1f5-teller-2.0.7"
        },
        "x86_64-linux": {
          "outputs": [
            {
              "name": "out",
              "path": "/nix/store/vqyqif5cw67dpdrcf82rcxp9knsjyzdp-teller-2.0.7",
              "default": true
            }
          ],
          "store_path": "/nix/store/vqyqif5cw67dpdrcf82rcxp9knsjyzdp-teller-2.0.7"
        }
      }
    },
    "terraform@latest": {
      "last_modified": "2024-10-17T04:50:07Z",
      "resolved": "github:NixOS/nixpkgs/1bde3e8e37a72989d4d455adde764d45f45dc11c#terraform",
      "source": "devbox-search",
      "version": "1.9.8",
      "systems": {
        "aarch64-darwin": {
          "outputs": [
            {
              "name": "out",
              "path": "/nix/store/r46vycq0bs55r759c9s442f9zns8p175-terraform-1.9.8",
              "default": true
            }
          ],
          "store_path": "/nix/store/r46vycq0bs55r759c9s442f9zns8p175-terraform-1.9.8"
        },
        "aarch64-linux": {
          "outputs": [
            {
              "name": "out",
              "path": "/nix/store/x8vw40976wi5ggbh4za2l1h1xlq5w5br-terraform-1.9.8",
              "default": true
            }
          ],
          "store_path": "/nix/store/x8vw40976wi5ggbh4za2l1h1xlq5w5br-terraform-1.9.8"
        },
        "x86_64-darwin": {
          "outputs": [
            {
              "name": "out",
              "path": "/nix/store/9kz1ls4vzwvs30v8a73p31yjl7r64a95-terraform-1.9.8",
              "default": true
            }
          ],
          "store_path": "/nix/store/9kz1ls4vzwvs30v8a73p31yjl7r64a95-terraform-1.9.8"
        },
        "x86_64-linux": {
          "outputs": [
            {
              "name": "out",
              "path": "/nix/store/j9g3d1wrlblm07lsn2hqvz4b3w180lfd-terraform-1.9.8",
              "default": true
            }
          ],
          "store_path": "/nix/store/j9g3d1wrlblm07lsn2hqvz4b3w180lfd-terraform-1.9.8"
        }
      }
    },
    "tflint@latest": {
      "last_modified": "2024-10-13T23:44:06Z",
      "resolved": "github:NixOS/nixpkgs/d4f247e89f6e10120f911e2e2d2254a050d0f732#tflint",
      "source": "devbox-search",
      "version": "0.52.0",
      "systems": {
        "aarch64-darwin": {
          "outputs": [
            {
              "name": "out",
              "path": "/nix/store/72746w5r4b8f5szxhjs2lk7a2hic4pvw-tflint-0.52.0",
              "default": true
            }
          ],
          "store_path": "/nix/store/72746w5r4b8f5szxhjs2lk7a2hic4pvw-tflint-0.52.0"
        },
        "aarch64-linux": {
          "outputs": [
            {
              "name": "out",
              "path": "/nix/store/9vsfj9n91s428bxw63sniggkz64zglaq-tflint-0.52.0",
              "default": true
            }
          ],
          "store_path": "/nix/store/9vsfj9n91s428bxw63sniggkz64zglaq-tflint-0.52.0"
        },
        "x86_64-darwin": {
          "outputs": [
            {
              "name": "out",
              "path": "/nix/store/q0qnwmvpmpyvvxz832vvzkm2wb8g41ii-tflint-0.52.0",
              "default": true
            }
          ],
          "store_path": "/nix/store/q0qnwmvpmpyvvxz832vvzkm2wb8g41ii-tflint-0.52.0"
        },
        "x86_64-linux": {
          "outputs": [
            {
              "name": "out",
              "path": "/nix/store/cjnap7cakpphmjpl4svhhm3bi3418yff-tflint-0.52.0",
              "default": true
            }
          ],
          "store_path": "/nix/store/cjnap7cakpphmjpl4svhhm3bi3418yff-tflint-0.52.0"
        }
      }
    },
    "tfsec@latest": {
      "last_modified": "2024-10-13T23:44:06Z",
      "resolved": "github:NixOS/nixpkgs/d4f247e89f6e10120f911e2e2d2254a050d0f732#tfsec",
      "source": "devbox-search",
      "version": "1.28.11",
      "systems": {
        "aarch64-darwin": {
          "outputs": [
            {
              "name": "out",
              "path": "/nix/store/vzq2r0560m6rpk50j4npdsgmcixr5374-tfsec-1.28.11",
              "default": true
            }
          ],
          "store_path": "/nix/store/vzq2r0560m6rpk50j4npdsgmcixr5374-tfsec-1.28.11"
        },
        "aarch64-linux": {
          "outputs": [
            {
              "name": "out",
              "path": "/nix/store/7y2w1c6abzj6hrn8ggypv5nwpa2q580i-tfsec-1.28.11",
              "default": true
            }
          ],
          "store_path": "/nix/store/7y2w1c6abzj6hrn8ggypv5nwpa2q580i-tfsec-1.28.11"
        },
        "x86_64-darwin": {
          "outputs": [
            {
              "name": "out",
              "path": "/nix/store/ziv28bx3was4azmwq3j75xgdvkd1mcsj-tfsec-1.28.11",
              "default": true
            }
          ],
          "store_path": "/nix/store/ziv28bx3was4azmwq3j75xgdvkd1mcsj-tfsec-1.28.11"
        },
        "x86_64-linux": {
          "outputs": [
            {
              "name": "out",
              "path": "/nix/store/lhxipw074i3i8fz84ppcyvxy3iz3vz3d-tfsec-1.28.11",
              "default": true
            }
          ],
          "store_path": "/nix/store/lhxipw074i3i8fz84ppcyvxy3iz3vz3d-tfsec-1.28.11"
        }
      }
    },
    "zellij@latest": {
      "last_modified": "2024-10-13T23:44:06Z",
      "resolved": "github:NixOS/nixpkgs/d4f247e89f6e10120f911e2e2d2254a050d0f732#zellij",
      "source": "devbox-search",
      "version": "0.40.1",
      "systems": {
        "aarch64-darwin": {
          "outputs": [
            {
              "name": "out",
              "path": "/nix/store/6ac5acydmm3dmk1wl6knn2iv26amfkcm-zellij-0.40.1",
              "default": true
            }
          ],
          "store_path": "/nix/store/6ac5acydmm3dmk1wl6knn2iv26amfkcm-zellij-0.40.1"
        },
        "aarch64-linux": {
          "outputs": [
            {
              "name": "out",
              "path": "/nix/store/ysrdy712zgxi2d7r63nv4zbffmy5jgk4-zellij-0.40.1",
              "default": true
            }
          ],
          "store_path": "/nix/store/ysrdy712zgxi2d7r63nv4zbffmy5jgk4-zellij-0.40.1"
        },
        "x86_64-darwin": {
          "outputs": [
            {
              "name": "out",
              "path": "/nix/store/mhl3hqnll683brnwg02x5j7hwfcsnddr-zellij-0.40.1",
              "default": true
            }
          ],
          "store_path": "/nix/store/mhl3hqnll683brnwg02x5j7hwfcsnddr-zellij-0.40.1"
        },
        "x86_64-linux": {
          "outputs": [
            {
              "name": "out",
              "path": "/nix/store/bfnq9a40fss1lvx379h677w0gvn3llzn-zellij-0.40.1",
              "default": true
            }
          ],
          "store_path": "/nix/store/bfnq9a40fss1lvx379h677w0gvn3llzn-zellij-0.40.1"
        }
      }
    }
  }
}
