{
  "lockfile_version": "1",
  "packages": {
    "act@latest": {
      "last_modified": "2024-11-03T14:18:04Z",
      "resolved": "github:NixOS/nixpkgs/4ae2e647537bcdbb82265469442713d066675275#act",
      "source": "devbox-search",
      "version": "0.2.68",
      "systems": {
        "aarch64-darwin": {
          "outputs": [
            {
              "name": "out",
              "path": "/nix/store/ibgkmgmdpcd32b0n85ri8ah3pmiix42c-act-0.2.68",
              "default": true
            }
          ],
          "store_path": "/nix/store/ibgkmgmdpcd32b0n85ri8ah3pmiix42c-act-0.2.68"
        },
        "aarch64-linux": {
          "outputs": [
            {
              "name": "out",
              "path": "/nix/store/yrqramdc9cvdj4cnfj598b2flfvr4xgb-act-0.2.68",
              "default": true
            }
          ],
          "store_path": "/nix/store/yrqramdc9cvdj4cnfj598b2flfvr4xgb-act-0.2.68"
        },
        "x86_64-darwin": {
          "outputs": [
            {
              "name": "out",
              "path": "/nix/store/jqp3yghh090jgl00bzsiz64kcqspah8v-act-0.2.68",
              "default": true
            }
          ],
          "store_path": "/nix/store/jqp3yghh090jgl00bzsiz64kcqspah8v-act-0.2.68"
        },
        "x86_64-linux": {
          "outputs": [
            {
              "name": "out",
              "path": "/nix/store/8pprsa389i2rbq0x6mqs3z900lpiqfh2-act-0.2.68",
              "default": true
            }
          ],
          "store_path": "/nix/store/8pprsa389i2rbq0x6mqs3z900lpiqfh2-act-0.2.68"
        }
      }
    },
    "gh@latest": {
      "last_modified": "2024-11-03T14:18:04Z",
      "resolved": "github:NixOS/nixpkgs/4ae2e647537bcdbb82265469442713d066675275#gh",
      "source": "devbox-search",
      "version": "2.60.0",
      "systems": {
        "aarch64-darwin": {
          "outputs": [
            {
              "name": "out",
              "path": "/nix/store/0kn6w6d8z48blg18w64h3530j00k2j5s-gh-2.60.0",
              "default": true
            }
          ],
          "store_path": "/nix/store/0kn6w6d8z48blg18w64h3530j00k2j5s-gh-2.60.0"
        },
        "aarch64-linux": {
          "outputs": [
            {
              "name": "out",
              "path": "/nix/store/lrd5km4jis81n38vwc3lil5nx7ss6knc-gh-2.60.0",
              "default": true
            }
          ],
          "store_path": "/nix/store/lrd5km4jis81n38vwc3lil5nx7ss6knc-gh-2.60.0"
        },
        "x86_64-darwin": {
          "outputs": [
            {
              "name": "out",
              "path": "/nix/store/pbs3sv5l2z5da6dyj7k1p1lf9a2hyx5k-gh-2.60.0",
              "default": true
            }
          ],
          "store_path": "/nix/store/pbs3sv5l2z5da6dyj7k1p1lf9a2hyx5k-gh-2.60.0"
        },
        "x86_64-linux": {
          "outputs": [
            {
              "name": "out",
              "path": "/nix/store/rvh57nqm6sg081pa84k5lcddn6zkvvnm-gh-2.60.0",
              "default": true
            }
          ],
          "store_path": "/nix/store/rvh57nqm6sg081pa84k5lcddn6zkvvnm-gh-2.60.0"
        }
      }
    },
    "just@latest": {
      "last_modified": "2024-11-03T14:18:04Z",
      "resolved": "github:NixOS/nixpkgs/4ae2e647537bcdbb82265469442713d066675275#just",
      "source": "devbox-search",
      "version": "1.36.0",
      "systems": {
        "aarch64-darwin": {
          "outputs": [
            {
              "name": "out",
              "path": "/nix/store/fkzwwgx9xgabzlrgyhqndq5bxzsj3vk6-just-1.36.0",
              "default": true
            },
            {
              "name": "man",
              "path": "/nix/store/48jhap9ycpsb3w0hy9wwz9b71aw94sz9-just-1.36.0-man",
              "default": true
            },
            {
              "name": "doc",
              "path": "/nix/store/myrwag46x8cglmbw31mw23fp7hm0km9k-just-1.36.0-doc"
            }
          ],
          "store_path": "/nix/store/fkzwwgx9xgabzlrgyhqndq5bxzsj3vk6-just-1.36.0"
        },
        "aarch64-linux": {
          "outputs": [
            {
              "name": "out",
              "path": "/nix/store/2pjfhqs9ni6vdka6ckmb5xqli2bldzm2-just-1.36.0",
              "default": true
            },
            {
              "name": "man",
              "path": "/nix/store/72gwxx6d1qqbnivmmr04pzx5gb28jqbf-just-1.36.0-man",
              "default": true
            },
            {
              "name": "doc",
              "path": "/nix/store/k1a4dc1854qa26na3cp5hra1sspy2l9w-just-1.36.0-doc"
            }
          ],
          "store_path": "/nix/store/2pjfhqs9ni6vdka6ckmb5xqli2bldzm2-just-1.36.0"
        },
        "x86_64-darwin": {
          "outputs": [
            {
              "name": "out",
              "path": "/nix/store/ijxzh5z9yqpdxzry0pznh8rkyrg37ahq-just-1.36.0",
              "default": true
            },
            {
              "name": "man",
              "path": "/nix/store/h2l5kln5ws6gkpj714ay38k3fd0z7jsj-just-1.36.0-man",
              "default": true
            },
            {
              "name": "doc",
              "path": "/nix/store/knzk55iljqa74c7s3jxr7c5lg3chmm8l-just-1.36.0-doc"
            }
          ],
          "store_path": "/nix/store/ijxzh5z9yqpdxzry0pznh8rkyrg37ahq-just-1.36.0"
        },
        "x86_64-linux": {
          "outputs": [
            {
              "name": "out",
              "path": "/nix/store/ian74ppvb1z7ykc72l7lsxlfpz08b19v-just-1.36.0",
              "default": true
            },
            {
              "name": "man",
              "path": "/nix/store/r797x369flflcv1h8zygc7gn2274555f-just-1.36.0-man",
              "default": true
            },
            {
              "name": "doc",
              "path": "/nix/store/055wdw6m1q0dmc87ssrhvjjazgdidy9x-just-1.36.0-doc"
            }
          ],
          "store_path": "/nix/store/ian74ppvb1z7ykc72l7lsxlfpz08b19v-just-1.36.0"
        }
      }
    },
    "k9s@latest": {
      "last_modified": "2024-11-03T14:18:04Z",
      "resolved": "github:NixOS/nixpkgs/4ae2e647537bcdbb82265469442713d066675275#k9s",
      "source": "devbox-search",
      "version": "0.32.5",
      "systems": {
        "aarch64-darwin": {
          "outputs": [
            {
              "name": "out",
              "path": "/nix/store/nzx0l5995m3x6pyvy6m5haw3akjz20ra-k9s-0.32.5",
              "default": true
            }
          ],
          "store_path": "/nix/store/nzx0l5995m3x6pyvy6m5haw3akjz20ra-k9s-0.32.5"
        },
        "aarch64-linux": {
          "outputs": [
            {
              "name": "out",
              "path": "/nix/store/3wxlh3zdpnk8s1jr6c4lzi2rk82qy3h2-k9s-0.32.5",
              "default": true
            }
          ],
          "store_path": "/nix/store/3wxlh3zdpnk8s1jr6c4lzi2rk82qy3h2-k9s-0.32.5"
        },
        "x86_64-darwin": {
          "outputs": [
            {
              "name": "out",
              "path": "/nix/store/svcg1zvh5vnrk8rlmdb7lb4b0dx2j60m-k9s-0.32.5",
              "default": true
            }
          ],
          "store_path": "/nix/store/svcg1zvh5vnrk8rlmdb7lb4b0dx2j60m-k9s-0.32.5"
        },
        "x86_64-linux": {
          "outputs": [
            {
              "name": "out",
              "path": "/nix/store/0h16i89yjrh2zhfhgzk8p4ik7f4csjmh-k9s-0.32.5",
              "default": true
            }
          ],
          "store_path": "/nix/store/0h16i89yjrh2zhfhgzk8p4ik7f4csjmh-k9s-0.32.5"
        }
      }
    },
    "maven@latest": {
      "last_modified": "2024-11-03T14:18:04Z",
      "resolved": "github:NixOS/nixpkgs/4ae2e647537bcdbb82265469442713d066675275#maven",
      "source": "devbox-search",
      "version": "3.9.9",
      "systems": {
        "aarch64-darwin": {
          "outputs": [
            {
              "name": "out",
              "path": "/nix/store/lj6iccddld7kcmjmyvcmxcn2zszcy2bj-maven-3.9.9",
              "default": true
            }
          ],
          "store_path": "/nix/store/lj6iccddld7kcmjmyvcmxcn2zszcy2bj-maven-3.9.9"
        },
        "aarch64-linux": {
          "outputs": [
            {
              "name": "out",
              "path": "/nix/store/vzjrmwizb3v66w9lgzlakw1j0xq9im6l-maven-3.9.9",
              "default": true
            }
          ],
          "store_path": "/nix/store/vzjrmwizb3v66w9lgzlakw1j0xq9im6l-maven-3.9.9"
        },
        "x86_64-darwin": {
          "outputs": [
            {
              "name": "out",
              "path": "/nix/store/crn59ayj3dv2va2d1l96x0jwyghjf215-maven-3.9.9",
              "default": true
            }
          ],
          "store_path": "/nix/store/crn59ayj3dv2va2d1l96x0jwyghjf215-maven-3.9.9"
        },
        "x86_64-linux": {
          "outputs": [
            {
              "name": "out",
              "path": "/nix/store/nfjjh4r6wnkhiyfjbkf99pmyb6aw2z15-maven-3.9.9",
              "default": true
            }
          ],
          "store_path": "/nix/store/nfjjh4r6wnkhiyfjbkf99pmyb6aw2z15-maven-3.9.9"
        }
      }
    },
    "minikube@latest": {
      "last_modified": "2024-11-03T14:18:04Z",
      "resolved": "github:NixOS/nixpkgs/4ae2e647537bcdbb82265469442713d066675275#minikube",
      "source": "devbox-search",
      "version": "1.34.0",
      "systems": {
        "aarch64-darwin": {
          "outputs": [
            {
              "name": "out",
              "path": "/nix/store/lnhd55a40ac77i7chiycv3yh493z5bxf-minikube-1.34.0",
              "default": true
            }
          ],
          "store_path": "/nix/store/lnhd55a40ac77i7chiycv3yh493z5bxf-minikube-1.34.0"
        },
        "aarch64-linux": {
          "outputs": [
            {
              "name": "out",
              "path": "/nix/store/b0932xcyhqvwxy056p7ra4h60hcxysf8-minikube-1.34.0",
              "default": true
            }
          ],
          "store_path": "/nix/store/b0932xcyhqvwxy056p7ra4h60hcxysf8-minikube-1.34.0"
        },
        "x86_64-darwin": {
          "outputs": [
            {
              "name": "out",
              "path": "/nix/store/wg849zcsawcxx28d0cqkp38k2q3m0r3g-minikube-1.34.0",
              "default": true
            }
          ],
          "store_path": "/nix/store/wg849zcsawcxx28d0cqkp38k2q3m0r3g-minikube-1.34.0"
        },
        "x86_64-linux": {
          "outputs": [
            {
              "name": "out",
              "path": "/nix/store/xi6ywr80ld47bhrak0rjcgxk46aw0c8d-minikube-1.34.0",
              "default": true
            }
          ],
          "store_path": "/nix/store/xi6ywr80ld47bhrak0rjcgxk46aw0c8d-minikube-1.34.0"
        }
      }
    },
    "mysql80@latest": {
      "last_modified": "2024-11-03T14:18:04Z",
      "plugin_version": "0.0.3",
      "resolved": "github:NixOS/nixpkgs/4ae2e647537bcdbb82265469442713d066675275#mysql80",
      "source": "devbox-search",
      "version": "8.0.39",
      "systems": {
        "aarch64-darwin": {
          "outputs": [
            {
              "name": "out",
              "path": "/nix/store/7c6glkkpxn90gdm7i46rm6mf9jb9ag3g-mysql-8.0.39",
              "default": true
            },
            {
              "name": "static",
              "path": "/nix/store/ax8h6ls6jfmag9sqa5yx6xiqyy755p69-mysql-8.0.39-static"
            }
          ],
          "store_path": "/nix/store/7c6glkkpxn90gdm7i46rm6mf9jb9ag3g-mysql-8.0.39"
        },
        "aarch64-linux": {
          "outputs": [
            {
              "name": "out",
              "path": "/nix/store/1dzw6rk49hp38r339ln9mlhf3r5wayc3-mysql-8.0.39",
              "default": true
            },
            {
              "name": "static",
              "path": "/nix/store/qa0bjxwfqhv2lm97l77f3bxbv9r7pzpm-mysql-8.0.39-static"
            }
          ],
          "store_path": "/nix/store/1dzw6rk49hp38r339ln9mlhf3r5wayc3-mysql-8.0.39"
        },
        "x86_64-darwin": {
          "outputs": [
            {
              "name": "out",
              "path": "/nix/store/cvk1jr2326gkdhp9lwavv7b8y0s990l7-mysql-8.0.39",
              "default": true
            },
            {
              "name": "static",
              "path": "/nix/store/vjzdc8zmvxyk1vzndlj00s0bq0x4srmv-mysql-8.0.39-static"
            }
          ],
          "store_path": "/nix/store/cvk1jr2326gkdhp9lwavv7b8y0s990l7-mysql-8.0.39"
        },
        "x86_64-linux": {
          "outputs": [
            {
              "name": "out",
              "path": "/nix/store/6qxayf8x87wk5hadyqm5i5grzb9nglx5-mysql-8.0.39",
              "default": true
            },
            {
              "name": "static",
              "path": "/nix/store/gqidwrwnlxs2j964rfpcd2ccdbmhx7bq-mysql-8.0.39-static"
            }
          ],
          "store_path": "/nix/store/6qxayf8x87wk5hadyqm5i5grzb9nglx5-mysql-8.0.39"
        }
      }
    },
    "nodePackages.webpack-cli@4.9.2": {
      "last_modified": "2022-02-09T15:24:27Z",
      "resolved": "github:NixOS/nixpkgs/98bb5b77c8c6666824a4c13d23befa1e07210ef1#nodePackages.webpack-cli",
      "source": "devbox-search",
      "version": "4.9.2",
      "systems": {
        "aarch64-darwin": {
          "outputs": [
            {
              "name": "out",
              "path": "/nix/store/lgcjvpcv6nxlq3zwf9iig1hrhls05v90-webpack-cli-4.9.2",
              "default": true
            }
          ],
          "store_path": "/nix/store/lgcjvpcv6nxlq3zwf9iig1hrhls05v90-webpack-cli-4.9.2"
        },
        "aarch64-linux": {
          "outputs": [
            {
              "name": "out",
              "path": "/nix/store/f6dfcfwr6df22nlrxy6k9ch9abflv69b-webpack-cli-4.9.2",
              "default": true
            }
          ],
          "store_path": "/nix/store/f6dfcfwr6df22nlrxy6k9ch9abflv69b-webpack-cli-4.9.2"
        },
        "x86_64-darwin": {
          "outputs": [
            {
              "name": "out",
              "path": "/nix/store/84p0fsm4sxkbv32lb44yrs8pnqk7zw19-webpack-cli-4.9.2",
              "default": true
            }
          ],
          "store_path": "/nix/store/84p0fsm4sxkbv32lb44yrs8pnqk7zw19-webpack-cli-4.9.2"
        },
        "x86_64-linux": {
          "outputs": [
            {
              "name": "out",
              "path": "/nix/store/8lsh69hiivq85fjm2r1pglr0zn8gxm2x-webpack-cli-4.9.2",
              "default": true
            }
          ],
          "store_path": "/nix/store/8lsh69hiivq85fjm2r1pglr0zn8gxm2x-webpack-cli-4.9.2"
        }
      }
    },
    "nodePackages.webpack@5.68.0": {
      "last_modified": "2022-02-09T15:24:27Z",
      "resolved": "github:NixOS/nixpkgs/98bb5b77c8c6666824a4c13d23befa1e07210ef1#nodePackages.webpack",
      "source": "devbox-search",
      "version": "5.68.0",
      "systems": {
        "aarch64-darwin": {
          "outputs": [
            {
              "name": "out",
              "path": "/nix/store/d6plhdb8m80dk3az5kgyqvk20xhknp0j-webpack-5.68.0",
              "default": true
            }
          ],
          "store_path": "/nix/store/d6plhdb8m80dk3az5kgyqvk20xhknp0j-webpack-5.68.0"
        },
        "aarch64-linux": {
          "outputs": [
            {
              "name": "out",
              "path": "/nix/store/c8x2rzzyh3vicdpzp9x1jxm1q5prwm1v-webpack-5.68.0",
              "default": true
            }
          ],
          "store_path": "/nix/store/c8x2rzzyh3vicdpzp9x1jxm1q5prwm1v-webpack-5.68.0"
        },
        "x86_64-darwin": {
          "outputs": [
            {
              "name": "out",
              "path": "/nix/store/x4dsjwnhck30dbbgd1c0z2yc0rfyfs08-webpack-5.68.0",
              "default": true
            }
          ],
          "store_path": "/nix/store/x4dsjwnhck30dbbgd1c0z2yc0rfyfs08-webpack-5.68.0"
        },
        "x86_64-linux": {
          "outputs": [
            {
              "name": "out",
              "path": "/nix/store/h1wdxlj6yv6qr38wsfhpl2x5qcac0cfd-webpack-5.68.0",
              "default": true
            }
          ],
          "store_path": "/nix/store/h1wdxlj6yv6qr38wsfhpl2x5qcac0cfd-webpack-5.68.0"
        }
      }
    },
    "nodejs@12.18.0": {
      "last_modified": "2020-06-18T07:06:33Z",
      "plugin_version": "0.0.2",
      "resolved": "github:NixOS/nixpkgs/9480bae337095fd24f61380bce3174fdfe926a00#nodejs",
      "source": "devbox-search",
      "version": "12.18.0",
      "systems": {
        "x86_64-linux": {
          "outputs": [
            {
              "path": "/nix/store/ylm20n4w912avip48chykjc3bi7iiqq9-nodejs-12.18.0",
              "default": true
            }
          ]
        }
      }
    },
    "teller@latest": {
      "last_modified": "2024-11-03T14:18:04Z",
      "resolved": "github:NixOS/nixpkgs/4ae2e647537bcdbb82265469442713d066675275#teller",
      "source": "devbox-search",
      "version": "2.0.7",
      "systems": {
        "aarch64-darwin": {
          "outputs": [
            {
              "name": "out",
              "path": "/nix/store/5c8qim5sp3p98j79p662f0m22q8ndksv-teller-2.0.7",
              "default": true
            }
          ],
          "store_path": "/nix/store/5c8qim5sp3p98j79p662f0m22q8ndksv-teller-2.0.7"
        },
        "aarch64-linux": {
          "outputs": [
            {
              "name": "out",
              "path": "/nix/store/n86rd1kk2b4zbxs0z0bm1dama6gallwq-teller-2.0.7",
              "default": true
            }
          ],
          "store_path": "/nix/store/n86rd1kk2b4zbxs0z0bm1dama6gallwq-teller-2.0.7"
        },
        "x86_64-darwin": {
          "outputs": [
            {
              "name": "out",
              "path": "/nix/store/gcxs8vlfmgmi01wfqk61hbx4frpkb1f5-teller-2.0.7",
              "default": true
            }
          ],
          "store_path": "/nix/store/gcxs8vlfmgmi01wfqk61hbx4frpkb1f5-teller-2.0.7"
        },
        "x86_64-linux": {
          "outputs": [
            {
              "name": "out",
              "path": "/nix/store/vqyqif5cw67dpdrcf82rcxp9knsjyzdp-teller-2.0.7",
              "default": true
            }
          ],
          "store_path": "/nix/store/vqyqif5cw67dpdrcf82rcxp9knsjyzdp-teller-2.0.7"
        }
      }
    },
    "terraform@latest": {
      "last_modified": "2024-11-03T14:18:04Z",
      "resolved": "github:NixOS/nixpkgs/4ae2e647537bcdbb82265469442713d066675275#terraform",
      "source": "devbox-search",
      "version": "1.9.8",
      "systems": {
        "aarch64-darwin": {
          "outputs": [
            {
              "name": "out",
              "path": "/nix/store/k28zljbxz15nxmkisywr4prrkggdyxrg-terraform-1.9.8",
              "default": true
            }
          ],
          "store_path": "/nix/store/k28zljbxz15nxmkisywr4prrkggdyxrg-terraform-1.9.8"
        },
        "aarch64-linux": {
          "outputs": [
            {
              "name": "out",
              "path": "/nix/store/nj7fvl3zfwbcz8ylw1rsygnq67grwmr6-terraform-1.9.8",
              "default": true
            }
          ],
          "store_path": "/nix/store/nj7fvl3zfwbcz8ylw1rsygnq67grwmr6-terraform-1.9.8"
        },
        "x86_64-darwin": {
          "outputs": [
            {
              "name": "out",
              "path": "/nix/store/kzqjaf4sflqgi5hfqh2qnllif0da91bz-terraform-1.9.8",
              "default": true
            }
          ],
          "store_path": "/nix/store/kzqjaf4sflqgi5hfqh2qnllif0da91bz-terraform-1.9.8"
        },
        "x86_64-linux": {
          "outputs": [
            {
              "name": "out",
              "path": "/nix/store/y0c02958r31r8yi68ywncg4mlnf5rbfz-terraform-1.9.8",
              "default": true
            }
          ],
          "store_path": "/nix/store/y0c02958r31r8yi68ywncg4mlnf5rbfz-terraform-1.9.8"
        }
      }
    },
    "tflint@latest": {
      "last_modified": "2024-11-03T14:18:04Z",
      "resolved": "github:NixOS/nixpkgs/4ae2e647537bcdbb82265469442713d066675275#tflint",
      "source": "devbox-search",
      "version": "0.52.0",
      "systems": {
        "aarch64-darwin": {
          "outputs": [
            {
              "name": "out",
              "path": "/nix/store/2lws2vibfan2lj43mfy1qhrhhmarp32i-tflint-0.52.0",
              "default": true
            }
          ],
          "store_path": "/nix/store/2lws2vibfan2lj43mfy1qhrhhmarp32i-tflint-0.52.0"
        },
        "aarch64-linux": {
          "outputs": [
            {
              "name": "out",
              "path": "/nix/store/y12qv6vfg02vfa1m9dw8dwzr7s25vs5p-tflint-0.52.0",
              "default": true
            }
          ],
          "store_path": "/nix/store/y12qv6vfg02vfa1m9dw8dwzr7s25vs5p-tflint-0.52.0"
        },
        "x86_64-darwin": {
          "outputs": [
            {
              "name": "out",
              "path": "/nix/store/4yb5qq6ck0lk504kcgzwk6w8qlyqcczf-tflint-0.52.0",
              "default": true
            }
          ],
          "store_path": "/nix/store/4yb5qq6ck0lk504kcgzwk6w8qlyqcczf-tflint-0.52.0"
        },
        "x86_64-linux": {
          "outputs": [
            {
              "name": "out",
              "path": "/nix/store/nhyf6q41ry5b461mv5wp6s13m0nxa8qa-tflint-0.52.0",
              "default": true
            }
          ],
          "store_path": "/nix/store/nhyf6q41ry5b461mv5wp6s13m0nxa8qa-tflint-0.52.0"
        }
      }
    },
    "tfsec@latest": {
      "last_modified": "2024-11-03T14:18:04Z",
      "resolved": "github:NixOS/nixpkgs/4ae2e647537bcdbb82265469442713d066675275#tfsec",
      "source": "devbox-search",
      "version": "1.28.11",
      "systems": {
        "aarch64-darwin": {
          "outputs": [
            {
              "name": "out",
              "path": "/nix/store/h5vbm4a2x0mm57xwd738rcahcmz23zfr-tfsec-1.28.11",
              "default": true
            }
          ],
          "store_path": "/nix/store/h5vbm4a2x0mm57xwd738rcahcmz23zfr-tfsec-1.28.11"
        },
        "aarch64-linux": {
          "outputs": [
            {
              "name": "out",
              "path": "/nix/store/zkmzvfdgax8ji88g2ihkw5wk1vayxd79-tfsec-1.28.11",
              "default": true
            }
          ],
          "store_path": "/nix/store/zkmzvfdgax8ji88g2ihkw5wk1vayxd79-tfsec-1.28.11"
        },
        "x86_64-darwin": {
          "outputs": [
            {
              "name": "out",
              "path": "/nix/store/a1zwa6b9gzja7zrm44i72pw936p5vm46-tfsec-1.28.11",
              "default": true
            }
          ],
          "store_path": "/nix/store/a1zwa6b9gzja7zrm44i72pw936p5vm46-tfsec-1.28.11"
        },
        "x86_64-linux": {
          "outputs": [
            {
              "name": "out",
              "path": "/nix/store/xk5kzzmfdf1h9y43kq712n34y3s5mr2c-tfsec-1.28.11",
              "default": true
            }
          ],
          "store_path": "/nix/store/xk5kzzmfdf1h9y43kq712n34y3s5mr2c-tfsec-1.28.11"
        }
      }
    },
    "zellij@latest": {
      "last_modified": "2024-11-03T14:18:04Z",
      "resolved": "github:NixOS/nixpkgs/4ae2e647537bcdbb82265469442713d066675275#zellij",
      "source": "devbox-search",
      "version": "0.40.1",
      "systems": {
        "aarch64-darwin": {
          "outputs": [
            {
              "name": "out",
              "path": "/nix/store/5x54n7ly884psqvndzgnbqw214z4jrxj-zellij-0.40.1",
              "default": true
            }
          ],
          "store_path": "/nix/store/5x54n7ly884psqvndzgnbqw214z4jrxj-zellij-0.40.1"
        },
        "aarch64-linux": {
          "outputs": [
            {
              "name": "out",
              "path": "/nix/store/q02m8x0fibpr52r3h7x6nv66rx5ljgzy-zellij-0.40.1",
              "default": true
            }
          ],
          "store_path": "/nix/store/q02m8x0fibpr52r3h7x6nv66rx5ljgzy-zellij-0.40.1"
        },
        "x86_64-darwin": {
          "outputs": [
            {
              "name": "out",
              "path": "/nix/store/fnqnrnmvvld4aij52r2d0nidj6da18m2-zellij-0.40.1",
              "default": true
            }
          ],
          "store_path": "/nix/store/fnqnrnmvvld4aij52r2d0nidj6da18m2-zellij-0.40.1"
        },
        "x86_64-linux": {
          "outputs": [
            {
              "name": "out",
              "path": "/nix/store/sqgca9mgy7867s3krdvr5c8v629spyjj-zellij-0.40.1",
              "default": true
            }
          ],
          "store_path": "/nix/store/sqgca9mgy7867s3krdvr5c8v629spyjj-zellij-0.40.1"
        }
      }
    }
  }
}
